// !$*UTF8*$!
{
	archiveVersion = 1;
	classes = {
	};
	objectVersion = 50;
	objects = {

/* Begin PBXBuildFile section */
		3114738326E9835E00C89594 /* Pokemon.plist in Resources */ = {isa = PBXBuildFile; fileRef = 3114738226E9835E00C89594 /* Pokemon.plist */; };
		3128395126E9D491006DB4F1 /* TableViewController.swift in Sources */ = {isa = PBXBuildFile; fileRef = 3128395026E9D491006DB4F1 /* TableViewController.swift */; };
		317BBF9526E7FC4B00B3FBD0 /* AppDelegate.swift in Sources */ = {isa = PBXBuildFile; fileRef = 317BBF9426E7FC4B00B3FBD0 /* AppDelegate.swift */; };
		317BBF9726E7FC4B00B3FBD0 /* SceneDelegate.swift in Sources */ = {isa = PBXBuildFile; fileRef = 317BBF9626E7FC4B00B3FBD0 /* SceneDelegate.swift */; };
		317BBF9926E7FC4B00B3FBD0 /* ViewController.swift in Sources */ = {isa = PBXBuildFile; fileRef = 317BBF9826E7FC4B00B3FBD0 /* ViewController.swift */; };
		317BBF9C26E7FC4B00B3FBD0 /* Main.storyboard in Resources */ = {isa = PBXBuildFile; fileRef = 317BBF9A26E7FC4B00B3FBD0 /* Main.storyboard */; };
		317BBF9E26E7FC4F00B3FBD0 /* Assets.xcassets in Resources */ = {isa = PBXBuildFile; fileRef = 317BBF9D26E7FC4F00B3FBD0 /* Assets.xcassets */; };
		317BBFA126E7FC4F00B3FBD0 /* LaunchScreen.storyboard in Resources */ = {isa = PBXBuildFile; fileRef = 317BBF9F26E7FC4F00B3FBD0 /* LaunchScreen.storyboard */; };
		318265C226EB1B840070412B /* Second.storyboard in Resources */ = {isa = PBXBuildFile; fileRef = 318265C126EB1B840070412B /* Second.storyboard */; };
		31982E9F26EC030F00204BB1 /* CollectionViewCell.swift in Sources */ = {isa = PBXBuildFile; fileRef = 31982E9E26EC030F00204BB1 /* CollectionViewCell.swift */; };
		31DBFB2026EB48B900B0BA51 /* TableModel.m in Sources */ = {isa = PBXBuildFile; fileRef = 31DBFB1D26EB48B900B0BA51 /* TableModel.m */; };
		31DBFB2226EB492400B0BA51 /* CScorllViewController.swift in Sources */ = {isa = PBXBuildFile; fileRef = 31DBFB2126EB492400B0BA51 /* CScorllViewController.swift */; };
		31DBFB2426EB499100B0BA51 /* CCollectionViewController.swift in Sources */ = {isa = PBXBuildFile; fileRef = 31DBFB2326EB499100B0BA51 /* CCollectionViewController.swift */; };
		31DBFB2626EB49D400B0BA51 /* CMagicViewController.swift in Sources */ = {isa = PBXBuildFile; fileRef = 31DBFB2526EB49D400B0BA51 /* CMagicViewController.swift */; };
		31DBFB2826EBBE6800B0BA51 /* TableModel.swift in Sources */ = {isa = PBXBuildFile; fileRef = 31DBFB2726EBBE6800B0BA51 /* TableModel.swift */; };
/* End PBXBuildFile section */

/* Begin PBXFileReference section */
		3114738226E9835E00C89594 /* Pokemon.plist */ = {isa = PBXFileReference; lastKnownFileType = text.plist.xml; path = Pokemon.plist; sourceTree = "<group>"; };
		3128395026E9D491006DB4F1 /* TableViewController.swift */ = {isa = PBXFileReference; lastKnownFileType = sourcecode.swift; path = TableViewController.swift; sourceTree = "<group>"; };
		317BBF9126E7FC4B00B3FBD0 /* FunOne.app */ = {isa = PBXFileReference; explicitFileType = wrapper.application; includeInIndex = 0; path = FunOne.app; sourceTree = BUILT_PRODUCTS_DIR; };
		317BBF9426E7FC4B00B3FBD0 /* AppDelegate.swift */ = {isa = PBXFileReference; lastKnownFileType = sourcecode.swift; path = AppDelegate.swift; sourceTree = "<group>"; };
		317BBF9626E7FC4B00B3FBD0 /* SceneDelegate.swift */ = {isa = PBXFileReference; lastKnownFileType = sourcecode.swift; path = SceneDelegate.swift; sourceTree = "<group>"; };
		317BBF9826E7FC4B00B3FBD0 /* ViewController.swift */ = {isa = PBXFileReference; lastKnownFileType = sourcecode.swift; path = ViewController.swift; sourceTree = "<group>"; };
		317BBF9B26E7FC4B00B3FBD0 /* Base */ = {isa = PBXFileReference; lastKnownFileType = file.storyboard; name = Base; path = Base.lproj/Main.storyboard; sourceTree = "<group>"; };
		317BBF9D26E7FC4F00B3FBD0 /* Assets.xcassets */ = {isa = PBXFileReference; lastKnownFileType = folder.assetcatalog; path = Assets.xcassets; sourceTree = "<group>"; };
		317BBFA026E7FC4F00B3FBD0 /* Base */ = {isa = PBXFileReference; lastKnownFileType = file.storyboard; name = Base; path = Base.lproj/LaunchScreen.storyboard; sourceTree = "<group>"; };
		317BBFA226E7FC4F00B3FBD0 /* Info.plist */ = {isa = PBXFileReference; lastKnownFileType = text.plist.xml; path = Info.plist; sourceTree = "<group>"; };
		318265C126EB1B840070412B /* Second.storyboard */ = {isa = PBXFileReference; lastKnownFileType = file.storyboard; path = Second.storyboard; sourceTree = "<group>"; };
		31982E9E26EC030F00204BB1 /* CollectionViewCell.swift */ = {isa = PBXFileReference; lastKnownFileType = sourcecode.swift; path = CollectionViewCell.swift; sourceTree = "<group>"; };
		31DBFB1D26EB48B900B0BA51 /* TableModel.m */ = {isa = PBXFileReference; fileEncoding = 4; lastKnownFileType = sourcecode.c.objc; path = TableModel.m; sourceTree = "<group>"; };
		31DBFB1E26EB48B900B0BA51 /* FunOne-Bridging-Header.h */ = {isa = PBXFileReference; fileEncoding = 4; lastKnownFileType = sourcecode.c.h; path = "FunOne-Bridging-Header.h"; sourceTree = "<group>"; };
		31DBFB1F26EB48B900B0BA51 /* TableModel.h */ = {isa = PBXFileReference; fileEncoding = 4; lastKnownFileType = sourcecode.c.h; path = TableModel.h; sourceTree = "<group>"; };
		31DBFB2126EB492400B0BA51 /* CScorllViewController.swift */ = {isa = PBXFileReference; lastKnownFileType = sourcecode.swift; path = CScorllViewController.swift; sourceTree = "<group>"; };
		31DBFB2326EB499100B0BA51 /* CCollectionViewController.swift */ = {isa = PBXFileReference; lastKnownFileType = sourcecode.swift; path = CCollectionViewController.swift; sourceTree = "<group>"; };
		31DBFB2526EB49D400B0BA51 /* CMagicViewController.swift */ = {isa = PBXFileReference; lastKnownFileType = sourcecode.swift; path = CMagicViewController.swift; sourceTree = "<group>"; };
		31DBFB2726EBBE6800B0BA51 /* TableModel.swift */ = {isa = PBXFileReference; lastKnownFileType = sourcecode.swift; path = TableModel.swift; sourceTree = "<group>"; };
/* End PBXFileReference section */

/* Begin PBXFrameworksBuildPhase section */
		317BBF8E26E7FC4B00B3FBD0 /* Frameworks */ = {
			isa = PBXFrameworksBuildPhase;
			buildActionMask = 2147483647;
			files = (
			);
			runOnlyForDeploymentPostprocessing = 0;
		};
/* End PBXFrameworksBuildPhase section */

/* Begin PBXGroup section */
		317BBF8826E7FC4B00B3FBD0 = {
			isa = PBXGroup;
			children = (
				317BBF9326E7FC4B00B3FBD0 /* FunOne */,
				317BBF9226E7FC4B00B3FBD0 /* Products */,
			);
			sourceTree = "<group>";
		};
		317BBF9226E7FC4B00B3FBD0 /* Products */ = {
			isa = PBXGroup;
			children = (
				317BBF9126E7FC4B00B3FBD0 /* FunOne.app */,
			);
			name = Products;
			sourceTree = "<group>";
		};
		317BBF9326E7FC4B00B3FBD0 /* FunOne */ = {
			isa = PBXGroup;
			children = (
				317BBF9426E7FC4B00B3FBD0 /* AppDelegate.swift */,
				317BBF9626E7FC4B00B3FBD0 /* SceneDelegate.swift */,
				317BBF9826E7FC4B00B3FBD0 /* ViewController.swift */,
				3128395026E9D491006DB4F1 /* TableViewController.swift */,
				31DBFB2526EB49D400B0BA51 /* CMagicViewController.swift */,
				31DBFB2326EB499100B0BA51 /* CCollectionViewController.swift */,
				31DBFB2126EB492400B0BA51 /* CScorllViewController.swift */,
				31982E9E26EC030F00204BB1 /* CollectionViewCell.swift */,
				31DBFB2726EBBE6800B0BA51 /* TableModel.swift */,
				31DBFB1F26EB48B900B0BA51 /* TableModel.h */,
				31DBFB1D26EB48B900B0BA51 /* TableModel.m */,
				317BBF9A26E7FC4B00B3FBD0 /* Main.storyboard */,
				318265C126EB1B840070412B /* Second.storyboard */,
				317BBF9D26E7FC4F00B3FBD0 /* Assets.xcassets */,
				317BBF9F26E7FC4F00B3FBD0 /* LaunchScreen.storyboard */,
				3114738226E9835E00C89594 /* Pokemon.plist */,
				317BBFA226E7FC4F00B3FBD0 /* Info.plist */,
				31DBFB1E26EB48B900B0BA51 /* FunOne-Bridging-Header.h */,
			);
			path = FunOne;
			sourceTree = "<group>";
		};
/* End PBXGroup section */

/* Begin PBXNativeTarget section */
		317BBF9026E7FC4B00B3FBD0 /* FunOne */ = {
			isa = PBXNativeTarget;
			buildConfigurationList = 317BBFA526E7FC4F00B3FBD0 /* Build configuration list for PBXNativeTarget "FunOne" */;
			buildPhases = (
				317BBF8D26E7FC4B00B3FBD0 /* Sources */,
				317BBF8E26E7FC4B00B3FBD0 /* Frameworks */,
				317BBF8F26E7FC4B00B3FBD0 /* Resources */,
			);
			buildRules = (
			);
			dependencies = (
			);
			name = FunOne;
			packageProductDependencies = (
			);
			productName = FunOne;
			productReference = 317BBF9126E7FC4B00B3FBD0 /* FunOne.app */;
			productType = "com.apple.product-type.application";
		};
/* End PBXNativeTarget section */

/* Begin PBXProject section */
		317BBF8926E7FC4B00B3FBD0 /* Project object */ = {
			isa = PBXProject;
			attributes = {
				LastSwiftUpdateCheck = 1250;
				LastUpgradeCheck = 1250;
				TargetAttributes = {
					317BBF9026E7FC4B00B3FBD0 = {
						CreatedOnToolsVersion = 12.5.1;
						LastSwiftMigration = 1250;
					};
				};
			};
			buildConfigurationList = 317BBF8C26E7FC4B00B3FBD0 /* Build configuration list for PBXProject "FunOne" */;
			compatibilityVersion = "Xcode 9.3";
			developmentRegion = en;
			hasScannedForEncodings = 0;
			knownRegions = (
				en,
				Base,
			);
			mainGroup = 317BBF8826E7FC4B00B3FBD0;
			packageReferences = (
			);
			productRefGroup = 317BBF9226E7FC4B00B3FBD0 /* Products */;
			projectDirPath = "";
			projectRoot = "";
			targets = (
				317BBF9026E7FC4B00B3FBD0 /* FunOne */,
			);
		};
/* End PBXProject section */

/* Begin PBXResourcesBuildPhase section */
		317BBF8F26E7FC4B00B3FBD0 /* Resources */ = {
			isa = PBXResourcesBuildPhase;
			buildActionMask = 2147483647;
			files = (
				3114738326E9835E00C89594 /* Pokemon.plist in Resources */,
				317BBFA126E7FC4F00B3FBD0 /* LaunchScreen.storyboard in Resources */,
				318265C226EB1B840070412B /* Second.storyboard in Resources */,
				317BBF9E26E7FC4F00B3FBD0 /* Assets.xcassets in Resources */,
				317BBF9C26E7FC4B00B3FBD0 /* Main.storyboard in Resources */,
			);
			runOnlyForDeploymentPostprocessing = 0;
		};
/* End PBXResourcesBuildPhase section */

/* Begin PBXSourcesBuildPhase section */
		317BBF8D26E7FC4B00B3FBD0 /* Sources */ = {
			isa = PBXSourcesBuildPhase;
			buildActionMask = 2147483647;
			files = (
				31982E9F26EC030F00204BB1 /* CollectionViewCell.swift in Sources */,
				31DBFB2426EB499100B0BA51 /* CCollectionViewController.swift in Sources */,
				31DBFB2026EB48B900B0BA51 /* TableModel.m in Sources */,
				3128395126E9D491006DB4F1 /* TableViewController.swift in Sources */,
				31DBFB2826EBBE6800B0BA51 /* TableModel.swift in Sources */,
				317BBF9926E7FC4B00B3FBD0 /* ViewController.swift in Sources */,
				31DBFB2226EB492400B0BA51 /* CScorllViewController.swift in Sources */,
				31DBFB2626EB49D400B0BA51 /* CMagicViewController.swift in Sources */,
				317BBF9526E7FC4B00B3FBD0 /* AppDelegate.swift in Sources */,
				317BBF9726E7FC4B00B3FBD0 /* SceneDelegate.swift in Sources */,
			);
			runOnlyForDeploymentPostprocessing = 0;
		};
/* End PBXSourcesBuildPhase section */

/* Begin PBXVariantGroup section */
		317BBF9A26E7FC4B00B3FBD0 /* Main.storyboard */ = {
			isa = PBXVariantGroup;
			children = (
				317BBF9B26E7FC4B00B3FBD0 /* Base */,
			);
			name = Main.storyboard;
			sourceTree = "<group>";
		};
		317BBF9F26E7FC4F00B3FBD0 /* LaunchScreen.storyboard */ = {
			isa = PBXVariantGroup;
			children = (
				317BBFA026E7FC4F00B3FBD0 /* Base */,
			);
			name = LaunchScreen.storyboard;
			sourceTree = "<group>";
		};
/* End PBXVariantGroup section */

/* Begin XCBuildConfiguration section */
		317BBFA326E7FC4F00B3FBD0 /* Debug */ = {
			isa = XCBuildConfiguration;
			buildSettings = {
				ALWAYS_SEARCH_USER_PATHS = NO;
				CLANG_ANALYZER_NONNULL = YES;
				CLANG_ANALYZER_NUMBER_OBJECT_CONVERSION = YES_AGGRESSIVE;
				CLANG_CXX_LANGUAGE_STANDARD = "gnu++14";
				CLANG_CXX_LIBRARY = "libc++";
				CLANG_ENABLE_MODULES = YES;
				CLANG_ENABLE_OBJC_ARC = YES;
				CLANG_ENABLE_OBJC_WEAK = YES;
				CLANG_WARN_BLOCK_CAPTURE_AUTORELEASING = YES;
				CLANG_WARN_BOOL_CONVERSION = YES;
				CLANG_WARN_COMMA = YES;
				CLANG_WARN_CONSTANT_CONVERSION = YES;
				CLANG_WARN_DEPRECATED_OBJC_IMPLEMENTATIONS = YES;
				CLANG_WARN_DIRECT_OBJC_ISA_USAGE = YES_ERROR;
				CLANG_WARN_DOCUMENTATION_COMMENTS = YES;
				CLANG_WARN_EMPTY_BODY = YES;
				CLANG_WARN_ENUM_CONVERSION = YES;
				CLANG_WARN_INFINITE_RECURSION = YES;
				CLANG_WARN_INT_CONVERSION = YES;
				CLANG_WARN_NON_LITERAL_NULL_CONVERSION = YES;
				CLANG_WARN_OBJC_IMPLICIT_RETAIN_SELF = YES;
				CLANG_WARN_OBJC_LITERAL_CONVERSION = YES;
				CLANG_WARN_OBJC_ROOT_CLASS = YES_ERROR;
				CLANG_WARN_QUOTED_INCLUDE_IN_FRAMEWORK_HEADER = YES;
				CLANG_WARN_RANGE_LOOP_ANALYSIS = YES;
				CLANG_WARN_STRICT_PROTOTYPES = YES;
				CLANG_WARN_SUSPICIOUS_MOVE = YES;
				CLANG_WARN_UNGUARDED_AVAILABILITY = YES_AGGRESSIVE;
				CLANG_WARN_UNREACHABLE_CODE = YES;
				CLANG_WARN__DUPLICATE_METHOD_MATCH = YES;
				COPY_PHASE_STRIP = NO;
				DEBUG_INFORMATION_FORMAT = dwarf;
				ENABLE_STRICT_OBJC_MSGSEND = YES;
				ENABLE_TESTABILITY = YES;
				GCC_C_LANGUAGE_STANDARD = gnu11;
				GCC_DYNAMIC_NO_PIC = NO;
				GCC_NO_COMMON_BLOCKS = YES;
				GCC_OPTIMIZATION_LEVEL = 0;
				GCC_PREPROCESSOR_DEFINITIONS = (
					"DEBUG=1",
					"$(inherited)",
				);
				GCC_WARN_64_TO_32_BIT_CONVERSION = YES;
				GCC_WARN_ABOUT_RETURN_TYPE = YES_ERROR;
				GCC_WARN_UNDECLARED_SELECTOR = YES;
				GCC_WARN_UNINITIALIZED_AUTOS = YES_AGGRESSIVE;
				GCC_WARN_UNUSED_FUNCTION = YES;
				GCC_WARN_UNUSED_VARIABLE = YES;
				IPHONEOS_DEPLOYMENT_TARGET = 14.5;
				MTL_ENABLE_DEBUG_INFO = INCLUDE_SOURCE;
				MTL_FAST_MATH = YES;
				ONLY_ACTIVE_ARCH = YES;
				SDKROOT = iphoneos;
				SWIFT_ACTIVE_COMPILATION_CONDITIONS = DEBUG;
				SWIFT_OPTIMIZATION_LEVEL = "-Onone";
			};
			name = Debug;
		};
		317BBFA426E7FC4F00B3FBD0 /* Release */ = {
			isa = XCBuildConfiguration;
			buildSettings = {
				ALWAYS_SEARCH_USER_PATHS = NO;
				CLANG_ANALYZER_NONNULL = YES;
				CLANG_ANALYZER_NUMBER_OBJECT_CONVERSION = YES_AGGRESSIVE;
				CLANG_CXX_LANGUAGE_STANDARD = "gnu++14";
				CLANG_CXX_LIBRARY = "libc++";
				CLANG_ENABLE_MODULES = YES;
				CLANG_ENABLE_OBJC_ARC = YES;
				CLANG_ENABLE_OBJC_WEAK = YES;
				CLANG_WARN_BLOCK_CAPTURE_AUTORELEASING = YES;
				CLANG_WARN_BOOL_CONVERSION = YES;
				CLANG_WARN_COMMA = YES;
				CLANG_WARN_CONSTANT_CONVERSION = YES;
				CLANG_WARN_DEPRECATED_OBJC_IMPLEMENTATIONS = YES;
				CLANG_WARN_DIRECT_OBJC_ISA_USAGE = YES_ERROR;
				CLANG_WARN_DOCUMENTATION_COMMENTS = YES;
				CLANG_WARN_EMPTY_BODY = YES;
				CLANG_WARN_ENUM_CONVERSION = YES;
				CLANG_WARN_INFINITE_RECURSION = YES;
				CLANG_WARN_INT_CONVERSION = YES;
				CLANG_WARN_NON_LITERAL_NULL_CONVERSION = YES;
				CLANG_WARN_OBJC_IMPLICIT_RETAIN_SELF = YES;
				CLANG_WARN_OBJC_LITERAL_CONVERSION = YES;
				CLANG_WARN_OBJC_ROOT_CLASS = YES_ERROR;
				CLANG_WARN_QUOTED_INCLUDE_IN_FRAMEWORK_HEADER = YES;
				CLANG_WARN_RANGE_LOOP_ANALYSIS = YES;
				CLANG_WARN_STRICT_PROTOTYPES = YES;
				CLANG_WARN_SUSPICIOUS_MOVE = YES;
				CLANG_WARN_UNGUARDED_AVAILABILITY = YES_AGGRESSIVE;
				CLANG_WARN_UNREACHABLE_CODE = YES;
				CLANG_WARN__DUPLICATE_METHOD_MATCH = YES;
				COPY_PHASE_STRIP = NO;
				DEBUG_INFORMATION_FORMAT = "dwarf-with-dsym";
				ENABLE_NS_ASSERTIONS = NO;
				ENABLE_STRICT_OBJC_MSGSEND = YES;
				GCC_C_LANGUAGE_STANDARD = gnu11;
				GCC_NO_COMMON_BLOCKS = YES;
				GCC_WARN_64_TO_32_BIT_CONVERSION = YES;
				GCC_WARN_ABOUT_RETURN_TYPE = YES_ERROR;
				GCC_WARN_UNDECLARED_SELECTOR = YES;
				GCC_WARN_UNINITIALIZED_AUTOS = YES_AGGRESSIVE;
				GCC_WARN_UNUSED_FUNCTION = YES;
				GCC_WARN_UNUSED_VARIABLE = YES;
				IPHONEOS_DEPLOYMENT_TARGET = 14.5;
				MTL_ENABLE_DEBUG_INFO = NO;
				MTL_FAST_MATH = YES;
				SDKROOT = iphoneos;
				SWIFT_COMPILATION_MODE = wholemodule;
				SWIFT_OPTIMIZATION_LEVEL = "-O";
				VALIDATE_PRODUCT = YES;
			};
			name = Release;
		};
		317BBFA626E7FC4F00B3FBD0 /* Debug */ = {
			isa = XCBuildConfiguration;
			buildSettings = {
				ASSETCATALOG_COMPILER_APPICON_NAME = AppIcon;
				ASSETCATALOG_COMPILER_GLOBAL_ACCENT_COLOR_NAME = AccentColor;
				CLANG_ENABLE_MODULES = YES;
				CODE_SIGN_STYLE = Automatic;
				DEVELOPMENT_TEAM = F69WJ27LN4;
				INFOPLIST_FILE = FunOne/Info.plist;
				LD_RUNPATH_SEARCH_PATHS = (
					"$(inherited)",
					"@executable_path/Frameworks",
				);
				PRODUCT_BUNDLE_IDENTIFIER = SMU.FunOne;
				PRODUCT_NAME = "$(TARGET_NAME)";
				SWIFT_OBJC_BRIDGING_HEADER = "FunOne/FunOne-Bridging-Header.h";
				SWIFT_OPTIMIZATION_LEVEL = "-Onone";
				SWIFT_VERSION = 5.0;
				TARGETED_DEVICE_FAMILY = "1,2";
			};
			name = Debug;
		};
		317BBFA726E7FC4F00B3FBD0 /* Release */ = {
			isa = XCBuildConfiguration;
			buildSettings = {
				ASSETCATALOG_COMPILER_APPICON_NAME = AppIcon;
				ASSETCATALOG_COMPILER_GLOBAL_ACCENT_COLOR_NAME = AccentColor;
				CLANG_ENABLE_MODULES = YES;
				CODE_SIGN_STYLE = Automatic;
				DEVELOPMENT_TEAM = F69WJ27LN4;
				INFOPLIST_FILE = FunOne/Info.plist;
				LD_RUNPATH_SEARCH_PATHS = (
					"$(inherited)",
					"@executable_path/Frameworks",
				);
				PRODUCT_BUNDLE_IDENTIFIER = SMU.FunOne;
				PRODUCT_NAME = "$(TARGET_NAME)";
				SWIFT_OBJC_BRIDGING_HEADER = "FunOne/FunOne-Bridging-Header.h";
				SWIFT_VERSION = 5.0;
				TARGETED_DEVICE_FAMILY = "1,2";
			};
			name = Release;
		};
/* End XCBuildConfiguration section */

/* Begin XCConfigurationList section */
		317BBF8C26E7FC4B00B3FBD0 /* Build configuration list for PBXProject "FunOne" */ = {
			isa = XCConfigurationList;
			buildConfigurations = (
				317BBFA326E7FC4F00B3FBD0 /* Debug */,
				317BBFA426E7FC4F00B3FBD0 /* Release */,
			);
			defaultConfigurationIsVisible = 0;
			defaultConfigurationName = Release;
		};
		317BBFA526E7FC4F00B3FBD0 /* Build configuration list for PBXNativeTarget "FunOne" */ = {
			isa = XCConfigurationList;
			buildConfigurations = (
				317BBFA626E7FC4F00B3FBD0 /* Debug */,
				317BBFA726E7FC4F00B3FBD0 /* Release */,
			);
			defaultConfigurationIsVisible = 0;
			defaultConfigurationName = Release;
		};
/* End XCConfigurationList section */
	};
	rootObject = 317BBF8926E7FC4B00B3FBD0 /* Project object */;
}
